
Microsoft Visual Studio Solution File, Format Version 12.00
# Visual Studio Version 16
VisualStudioVersion = 16.0.29926.136
MinimumVisualStudioVersion = 10.0.40219.1
Project("{FAE04EC0-301F-11D3-BF4B-00C04F79EFBC}") = "Exercicio60", "ConsoleApp1\Exercicio60.csproj", "{C0108EC5-C9AF-4DB4-9EA3-D1C45B8D07AD}"
EndProject
Global
	GlobalSection(SolutionConfigurationPlatforms) = preSolution
		Debug|Any CPU = Debug|Any CPU
		Release|Any CPU = Release|Any CPU
	EndGlobalSection
	GlobalSection(ProjectConfigurationPlatforms) = postSolution
		{C0108EC5-C9AF-4DB4-9EA3-D1C45B8D07AD}.Debug|Any CPU.ActiveCfg = Debug|Any CPU
		{C0108EC5-C9AF-4DB4-9EA3-D1C45B8D07AD}.Debug|Any CPU.Build.0 = Debug|Any CPU
		{C0108EC5-C9AF-4DB4-9EA3-D1C45B8D07AD}.Release|Any CPU.ActiveCfg = Release|Any CPU
		{C0108EC5-C9AF-4DB4-9EA3-D1C45B8D07AD}.Release|Any CPU.Build.0 = Release|Any CPU
	EndGlobalSection
	GlobalSection(SolutionProperties) = preSolution
		HideSolutionNode = FALSE
	EndGlobalSection
	GlobalSection(ExtensibilityGlobals) = postSolution
		SolutionGuid = {2ADFD5D9-38B5-4301-B4BC-BA38D913808A}
	EndGlobalSection
EndGlobal
